PODS:
  - Flutter (1.0.0)
  - GoogleMaps (5.1.0):
    - GoogleMaps/Maps (= 5.1.0)
  - GoogleMaps/Base (5.1.0)
  - GoogleMaps/Maps (5.1.0):
    - GoogleMaps/Base
  - low_calories_google_map (0.0.1):
    - Flutter
    - GoogleMaps (~> 5.1.0)
  - path_provider (0.0.1):
    - Flutter

DEPENDENCIES:
  - Flutter (from `Flutter`)
  - low_calories_google_map (from `.symlinks/plugins/low_calories_google_map/ios`)
  - path_provider (from `.symlinks/plugins/path_provider/ios`)

SPEC REPOS:
  trunk:
    - GoogleMaps

EXTERNAL SOURCES:
  Flutter:
    :path: Flutter
  low_calories_google_map:
    :path: ".symlinks/plugins/low_calories_google_map/ios"
  path_provider:
    :path: ".symlinks/plugins/path_provider/ios"

SPEC CHECKSUMS:
  Flutter: 50d75fe2f02b26cc09d224853bb45737f8b3214a
  GoogleMaps: 086ae1dab659eaa7339bdb30fc88e2f44e7c597c
  low_calories_google_map: 5718d859429ce43f52af3d8aa0e79c6648d63014
  path_provider: abfe2b5c733d04e238b0d8691db0cfd63a27a93c

PODFILE CHECKSUM: 4c96e3e0cf7dac1e2888a4a6787abad9188cd611

COCOAPODS: 1.11.2
